
Microsoft Visual Studio Solution File, Format Version 12.00
# Visual Studio 15
VisualStudioVersion = 15.0.26124.0
MinimumVisualStudioVersion = 15.0.26124.0
Project("{FAE04EC0-301F-11D3-BF4B-00C04F79EFBC}") = "CreateNewOrder", "CreateNewOrder\CreateNewOrder.csproj", "{D6430B50-4FB6-4765-B8BF-1E48E096F078}"
EndProject
Project("{FAE04EC0-301F-11D3-BF4B-00C04F79EFBC}") = "ProcessNewOrder", "ProcessNewOrder\ProcessNewOrder.csproj", "{0136DC1E-63F4-4C40-BC1C-DDC2CB15B00D}"
EndProject
Global
	GlobalSection(SolutionProperties) = preSolution
		HideSolutionNode = FALSE
	EndGlobalSection
	GlobalSection(SolutionConfigurationPlatforms) = preSolution
		Debug|Any CPU = Debug|Any CPU
		Debug|x64 = Debug|x64
		Debug|x86 = Debug|x86
		Release|Any CPU = Release|Any CPU
		Release|x64 = Release|x64
		Release|x86 = Release|x86
	EndGlobalSection
	GlobalSection(ProjectConfigurationPlatforms) = postSolution
		{D6430B50-4FB6-4765-B8BF-1E48E096F078}.Debug|Any CPU.ActiveCfg = Debug|Any CPU
		{D6430B50-4FB6-4765-B8BF-1E48E096F078}.Debug|Any CPU.Build.0 = Debug|Any CPU
		{D6430B50-4FB6-4765-B8BF-1E48E096F078}.Debug|x64.ActiveCfg = Debug|Any CPU
		{D6430B50-4FB6-4765-B8BF-1E48E096F078}.Debug|x64.Build.0 = Debug|Any CPU
		{D6430B50-4FB6-4765-B8BF-1E48E096F078}.Debug|x86.ActiveCfg = Debug|Any CPU
		{D6430B50-4FB6-4765-B8BF-1E48E096F078}.Debug|x86.Build.0 = Debug|Any CPU
		{D6430B50-4FB6-4765-B8BF-1E48E096F078}.Release|Any CPU.ActiveCfg = Release|Any CPU
		{D6430B50-4FB6-4765-B8BF-1E48E096F078}.Release|Any CPU.Build.0 = Release|Any CPU
		{D6430B50-4FB6-4765-B8BF-1E48E096F078}.Release|x64.ActiveCfg = Release|Any CPU
		{D6430B50-4FB6-4765-B8BF-1E48E096F078}.Release|x64.Build.0 = Release|Any CPU
		{D6430B50-4FB6-4765-B8BF-1E48E096F078}.Release|x86.ActiveCfg = Release|Any CPU
		{D6430B50-4FB6-4765-B8BF-1E48E096F078}.Release|x86.Build.0 = Release|Any CPU
		{0136DC1E-63F4-4C40-BC1C-DDC2CB15B00D}.Debug|Any CPU.ActiveCfg = Debug|Any CPU
		{0136DC1E-63F4-4C40-BC1C-DDC2CB15B00D}.Debug|Any CPU.Build.0 = Debug|Any CPU
		{0136DC1E-63F4-4C40-BC1C-DDC2CB15B00D}.Debug|x64.ActiveCfg = Debug|Any CPU
		{0136DC1E-63F4-4C40-BC1C-DDC2CB15B00D}.Debug|x64.Build.0 = Debug|Any CPU
		{0136DC1E-63F4-4C40-BC1C-DDC2CB15B00D}.Debug|x86.ActiveCfg = Debug|Any CPU
		{0136DC1E-63F4-4C40-BC1C-DDC2CB15B00D}.Debug|x86.Build.0 = Debug|Any CPU
		{0136DC1E-63F4-4C40-BC1C-DDC2CB15B00D}.Release|Any CPU.ActiveCfg = Release|Any CPU
		{0136DC1E-63F4-4C40-BC1C-DDC2CB15B00D}.Release|Any CPU.Build.0 = Release|Any CPU
		{0136DC1E-63F4-4C40-BC1C-DDC2CB15B00D}.Release|x64.ActiveCfg = Release|Any CPU
		{0136DC1E-63F4-4C40-BC1C-DDC2CB15B00D}.Release|x64.Build.0 = Release|Any CPU
		{0136DC1E-63F4-4C40-BC1C-DDC2CB15B00D}.Release|x86.ActiveCfg = Release|Any CPU
		{0136DC1E-63F4-4C40-BC1C-DDC2CB15B00D}.Release|x86.Build.0 = Release|Any CPU
	EndGlobalSection
EndGlobal
